
Microsoft Visual Studio Solution File, Format Version 12.00
# Visual Studio Version 17
VisualStudioVersion = 17.7.34202.233
MinimumVisualStudioVersion = 10.0.40219.1
Project("{FAE04EC0-301F-11D3-BF4B-00C04F79EFBC}") = "QLKS", "QLKS\QLKS.csproj", "{19BD10B1-63CA-42F5-BACC-BC72D842E9AF}"
EndProject
Global
	GlobalSection(SolutionConfigurationPlatforms) = preSolution
		Debug|Any CPU = Debug|Any CPU
		Release|Any CPU = Release|Any CPU
	EndGlobalSection
	GlobalSection(ProjectConfigurationPlatforms) = postSolution
		{19BD10B1-63CA-42F5-BACC-BC72D842E9AF}.Debug|Any CPU.ActiveCfg = Debug|Any CPU
		{19BD10B1-63CA-42F5-BACC-BC72D842E9AF}.Debug|Any CPU.Build.0 = Debug|Any CPU
		{19BD10B1-63CA-42F5-BACC-BC72D842E9AF}.Release|Any CPU.ActiveCfg = Release|Any CPU
		{19BD10B1-63CA-42F5-BACC-BC72D842E9AF}.Release|Any CPU.Build.0 = Release|Any CPU
	EndGlobalSection
	GlobalSection(SolutionProperties) = preSolution
		HideSolutionNode = FALSE
	EndGlobalSection
	GlobalSection(ExtensibilityGlobals) = postSolution
		SolutionGuid = {A172B7D4-2B17-4863-94CD-16F52E135574}
	EndGlobalSection
EndGlobal
